
Microsoft Visual Studio Solution File, Format Version 12.00
# Visual Studio Version 17
VisualStudioVersion = 17.3.32922.545
MinimumVisualStudioVersion = 10.0.40219.1
Project("{9A19103F-16F7-4668-BE54-9A1E7A4F7556}") = "RegExTester.Api.DotNet", "RegExTester.Api.DotNet.csproj", "{CC950D36-AF2F-4310-A84D-9AFAF27F6B6A}"
EndProject
Global
	GlobalSection(SolutionConfigurationPlatforms) = preSolution
		Debug|Any CPU = Debug|Any CPU
		Release|Any CPU = Release|Any CPU
	EndGlobalSection
	GlobalSection(ProjectConfigurationPlatforms) = postSolution
		{CC950D36-AF2F-4310-A84D-9AFAF27F6B6A}.Debug|Any CPU.ActiveCfg = Debug|Any CPU
		{CC950D36-AF2F-4310-A84D-9AFAF27F6B6A}.Debug|Any CPU.Build.0 = Debug|Any CPU
		{CC950D36-AF2F-4310-A84D-9AFAF27F6B6A}.Release|Any CPU.ActiveCfg = Release|Any CPU
		{CC950D36-AF2F-4310-A84D-9AFAF27F6B6A}.Release|Any CPU.Build.0 = Release|Any CPU
	EndGlobalSection
	GlobalSection(SolutionProperties) = preSolution
		HideSolutionNode = FALSE
	EndGlobalSection
	GlobalSection(ExtensibilityGlobals) = postSolution
		SolutionGuid = {942B792A-EE48-4E19-9966-2ECD06E05D7E}
	EndGlobalSection
EndGlobal
